
Microsoft Visual Studio Solution File, Format Version 12.00
# Visual Studio Version 17
VisualStudioVersion = 17.3.32804.467
MinimumVisualStudioVersion = 10.0.40219.1
Project("{FAE04EC0-301F-11D3-BF4B-00C04F79EFBC}") = "UserTile", "UserTile\UserTile.csproj", "{1C70FB6B-F3AF-4A83-AD0C-C59FEE496790}"
EndProject
Project("{FAE04EC0-301F-11D3-BF4B-00C04F79EFBC}") = "UserTileLib", "UserTileLib\UserTileLib.csproj", "{1570EEEE-5388-4029-B196-B88CDE64DDC1}"
EndProject
Global
	GlobalSection(SolutionConfigurationPlatforms) = preSolution
		Debug|Any CPU = Debug|Any CPU
		Release|Any CPU = Release|Any CPU
	EndGlobalSection
	GlobalSection(ProjectConfigurationPlatforms) = postSolution
		{1C70FB6B-F3AF-4A83-AD0C-C59FEE496790}.Debug|Any CPU.ActiveCfg = Debug|Any CPU
		{1C70FB6B-F3AF-4A83-AD0C-C59FEE496790}.Debug|Any CPU.Build.0 = Debug|Any CPU
		{1C70FB6B-F3AF-4A83-AD0C-C59FEE496790}.Release|Any CPU.ActiveCfg = Release|Any CPU
		{1C70FB6B-F3AF-4A83-AD0C-C59FEE496790}.Release|Any CPU.Build.0 = Release|Any CPU
		{1570EEEE-5388-4029-B196-B88CDE64DDC1}.Debug|Any CPU.ActiveCfg = Debug|Any CPU
		{1570EEEE-5388-4029-B196-B88CDE64DDC1}.Debug|Any CPU.Build.0 = Debug|Any CPU
		{1570EEEE-5388-4029-B196-B88CDE64DDC1}.Release|Any CPU.ActiveCfg = Release|Any CPU
		{1570EEEE-5388-4029-B196-B88CDE64DDC1}.Release|Any CPU.Build.0 = Release|Any CPU
	EndGlobalSection
	GlobalSection(SolutionProperties) = preSolution
		HideSolutionNode = FALSE
	EndGlobalSection
	GlobalSection(ExtensibilityGlobals) = postSolution
		SolutionGuid = {984FB4C4-D666-465F-B59B-7A003F48DCB0}
	EndGlobalSection
EndGlobal
